
Microsoft Visual Studio Solution File, Format Version 12.00
# Visual Studio Version 17
VisualStudioVersion = 17.13.35931.197 d17.13
MinimumVisualStudioVersion = 10.0.40219.1
Project("{FAE04EC0-301F-11D3-BF4B-00C04F79EFBC}") = "SeaNote", "..\..\repos\SeaNote\SeaNote.csproj", "{1FA60D2D-CBAC-DB3B-9446-E17FB2F6BBF9}"
EndProject
Project("{FAE04EC0-301F-11D3-BF4B-00C04F79EFBC}") = "SeaNoteApp", "..\..\SeaNoteApp\SeaNoteApp.csproj", "{B3F9489B-C206-43A3-B8FA-D4F87341272F}"
EndProject
Global
	GlobalSection(SolutionConfigurationPlatforms) = preSolution
		Debug|Any CPU = Debug|Any CPU
		Release|Any CPU = Release|Any CPU
	EndGlobalSection
	GlobalSection(ProjectConfigurationPlatforms) = postSolution
		{1FA60D2D-CBAC-DB3B-9446-E17FB2F6BBF9}.Debug|Any CPU.ActiveCfg = Debug|Any CPU
		{1FA60D2D-CBAC-DB3B-9446-E17FB2F6BBF9}.Debug|Any CPU.Build.0 = Debug|Any CPU
		{1FA60D2D-CBAC-DB3B-9446-E17FB2F6BBF9}.Release|Any CPU.ActiveCfg = Release|Any CPU
		{1FA60D2D-CBAC-DB3B-9446-E17FB2F6BBF9}.Release|Any CPU.Build.0 = Release|Any CPU
		{B3F9489B-C206-43A3-B8FA-D4F87341272F}.Debug|Any CPU.ActiveCfg = Debug|Any CPU
		{B3F9489B-C206-43A3-B8FA-D4F87341272F}.Debug|Any CPU.Build.0 = Debug|Any CPU
		{B3F9489B-C206-43A3-B8FA-D4F87341272F}.Release|Any CPU.ActiveCfg = Release|Any CPU
		{B3F9489B-C206-43A3-B8FA-D4F87341272F}.Release|Any CPU.Build.0 = Release|Any CPU
	EndGlobalSection
	GlobalSection(SolutionProperties) = preSolution
		HideSolutionNode = FALSE
	EndGlobalSection
	GlobalSection(ExtensibilityGlobals) = postSolution
		SolutionGuid = {D6823247-2A3F-4B95-ACBF-F667ABA26081}
	EndGlobalSection
EndGlobal
